<?xml version="1.0" encoding="utf-8"?>
<Project ToolsVersion="4.0" xmlns="http://schemas.microsoft.com/developer/msbuild/2003">
  <ItemGroup>
    <Filter Include="Headers">
      <UniqueIdentifier>{4b0a624a-610d-4bc6-b311-2b02a781cdf9}</UniqueIdentifier>
    </Filter>
    <Filter Include="Sources">
      <UniqueIdentifier>{96692d2a-8790-41a9-bfac-6c5662d4ad61}</UniqueIdentifier>
    </Filter>
    <Filter Include="Sources\GameObject">
      <UniqueIdentifier>{5531b37e-09a6-4d12-ae48-6beffcfc0077}</UniqueIdentifier>
    </Filter>
    <Filter Include="Headers\GameObject">
      <UniqueIdentifier>{1f183d0f-7f4e-41a6-836a-049a518f1a10}</UniqueIdentifier>
    </Filter>
    <Filter Include="Headers\UI">
      <UniqueIdentifier>{4b1395b0-3485-4317-b3fd-3863b5293f66}</UniqueIdentifier>
    </Filter>
    <Filter Include="Headers\Stage">
      <UniqueIdentifier>{bbd084e2-7db4-4bb3-ab11-6cfa4491eba2}</UniqueIdentifier>
    </Filter>
    <Filter Include="Sources\Stage">
      <UniqueIdentifier>{a0a858ec-75ff-4aa6-a678-7a5bdf8d4cf9}</UniqueIdentifier>
    </Filter>
    <Filter Include="Sources\PrivateStage">
      <UniqueIdentifier>{f41316c0-48b6-4fcf-bcda-26eaea4f8e44}</UniqueIdentifier>
    </Filter>
    <Filter Include="Headers\PrivateStage">
      <UniqueIdentifier>{e29a0a0b-672a-4625-b367-2d0bf7095569}</UniqueIdentifier>
    </Filter>
    <Filter Include="Headers\System">
      <UniqueIdentifier>{31594912-3df9-4392-99f1-9851f96f7b0c}</UniqueIdentifier>
    </Filter>
    <Filter Include="Sources\UI">
      <UniqueIdentifier>{691e1999-5330-437d-bcac-3512a2b77cf7}</UniqueIdentifier>
    </Filter>
    <Filter Include="Sources\Manager">
      <UniqueIdentifier>{b335464f-df3d-429f-a635-6304a8b8735d}</UniqueIdentifier>
    </Filter>
    <Filter Include="Headers\Manager">
      <UniqueIdentifier>{869d3c38-f771-4b11-91da-7e3e4f1713a1}</UniqueIdentifier>
    </Filter>
    <Filter Include="Headers\Tools">
      <UniqueIdentifier>{52cf384f-5ab4-4bfb-a90d-ff0bc0f7d2b5}</UniqueIdentifier>
    </Filter>
    <Filter Include="Sources\Tools">
      <UniqueIdentifier>{e746cdd8-4728-4fff-8651-ba27e313cf25}</UniqueIdentifier>
    </Filter>
    <Filter Include="Headers\Skyblock">
      <UniqueIdentifier>{2c239ac5-25ed-43ca-844f-fcd1bc0d493e}</UniqueIdentifier>
    </Filter>
    <Filter Include="Sources\Skyblock">
      <UniqueIdentifier>{7543a69c-ac4b-4444-a737-8679efc5e1a9}</UniqueIdentifier>
    </Filter>
    <Filter Include="Headers\Movie">
      <UniqueIdentifier>{51290760-bed8-441a-8b40-3e172bf81797}</UniqueIdentifier>
    </Filter>
    <Filter Include="Sources\Movie">
      <UniqueIdentifier>{c8a743be-f411-4806-a864-3f41ed293fd4}</UniqueIdentifier>
    </Filter>
    <Filter Include="Sources\System">
      <UniqueIdentifier>{59ee6395-62c3-428a-bbeb-0ed5cf118629}</UniqueIdentifier>
    </Filter>
    <Filter Include="Sources\Effect">
      <UniqueIdentifier>{d8b0a846-dbc7-4809-88b7-3c7ead03adfb}</UniqueIdentifier>
    </Filter>
    <Filter Include="Headers\Effect">
      <UniqueIdentifier>{10c7b071-6c3f-4a66-8319-3c033361a501}</UniqueIdentifier>
    </Filter>
    <Filter Include="Sources\StateEnemy">
      <UniqueIdentifier>{f6d240e1-bd2d-4003-8ac9-fe0fbc209341}</UniqueIdentifier>
    </Filter>
    <Filter Include="Headers\StateEnemy">
      <UniqueIdentifier>{a98a2c21-93ab-4ea7-b250-b07276dd4497}</UniqueIdentifier>
    </Filter>
  </ItemGroup>
  <ItemGroup>
    <ClInclude Include="$(MSBuildThisFileDirectory)Character.h">
      <Filter>Headers</Filter>
    </ClInclude>
    <ClInclude Include="$(MSBuildThisFileDirectory)Block.h">
      <Filter>Headers\GameObject</Filter>
    </ClInclude>
    <ClInclude Include="$(MSBuildThisFileDirectory)YuusinStage.h">
      <Filter>Headers\PrivateStage</Filter>
    </ClInclude>
    <ClInclude Include="$(MSBuildThisFileDirectory)YuutaStage.h">
      <Filter>Headers\PrivateStage</Filter>
    </ClInclude>
    <ClInclude Include="$(MSBuildThisFileDirectory)GameStage.h">
      <Filter>Headers\Stage</Filter>
    </ClInclude>
    <ClInclude Include="$(MSBuildThisFileDirectory)Player.h">
      <Filter>Headers\GameObject</Filter>
    </ClInclude>
    <ClInclude Include="$(MSBuildThisFileDirectory)Project.h">
      <Filter>Headers\System</Filter>
    </ClInclude>
    <ClInclude Include="$(MSBuildThisFileDirectory)ProjectBehavior.h">
      <Filter>Headers\System</Filter>
    </ClInclude>
    <ClInclude Include="$(MSBuildThisFileDirectory)ProjectShader.h">
      <Filter>Headers\System</Filter>
    </ClInclude>
    <ClInclude Include="$(MSBuildThisFileDirectory)Scene.h">
      <Filter>Headers\System</Filter>
    </ClInclude>
    <ClInclude Include="$(MSBuildThisFileDirectory)State.h">
      <Filter>Headers\StateEnemy</Filter>
    </ClInclude>
    <ClInclude Include="$(MSBuildThisFileDirectory)Patrol.h">
      <Filter>Headers\StateEnemy</Filter>
    </ClInclude>
    <ClInclude Include="$(MSBuildThisFileDirectory)Tracking.h">
      <Filter>Headers\StateEnemy</Filter>
    </ClInclude>
    <ClInclude Include="$(MSBuildThisFileDirectory)Attack.h">
      <Filter>Headers\StateEnemy</Filter>
    </ClInclude>
    <ClInclude Include="$(MSBuildThisFileDirectory)MapManager.h">
      <Filter>Headers\Manager</Filter>
    </ClInclude>
    <ClInclude Include="$(MSBuildThisFileDirectory)Manhole.h">
      <Filter>Headers\GameObject</Filter>
    </ClInclude>
    <ClInclude Include="$(MSBuildThisFileDirectory)Enemy.h">
      <Filter>Headers\GameObject</Filter>
    </ClInclude>
    <ClInclude Include="$(MSBuildThisFileDirectory)Ground.h">
      <Filter>Headers\GameObject</Filter>
    </ClInclude>
    <ClInclude Include="$(MSBuildThisFileDirectory)Wall.h">
      <Filter>Headers\GameObject</Filter>
    </ClInclude>
    <ClInclude Include="$(MSBuildThisFileDirectory)Sprite.h">
      <Filter>Headers\UI</Filter>
    </ClInclude>
    <ClInclude Include="$(MSBuildThisFileDirectory)TilteStage.h">
      <Filter>Headers\Stage</Filter>
    </ClInclude>
    <ClInclude Include="$(MSBuildThisFileDirectory)GameOverStage.h">
      <Filter>Headers\Stage</Filter>
    </ClInclude>
    <ClInclude Include="$(MSBuildThisFileDirectory)RaySphere.h">
      <Filter>Headers\Tools</Filter>
    </ClInclude>
    <ClInclude Include="$(MSBuildThisFileDirectory)GameClearStage.h">
      <Filter>Headers\Stage</Filter>
    </ClInclude>
    <ClInclude Include="$(MSBuildThisFileDirectory)TubakiStage.h">
      <Filter>Headers\PrivateStage</Filter>
    </ClInclude>
    <ClInclude Include="$(MSBuildThisFileDirectory)Ray.h">
      <Filter>Headers\Tools</Filter>
    </ClInclude>
    <ClInclude Include="$(MSBuildThisFileDirectory)Sky_base.h">
      <Filter>Headers\Skyblock</Filter>
    </ClInclude>
    <ClInclude Include="$(MSBuildThisFileDirectory)happysky.h">
      <Filter>Headers\Skyblock</Filter>
    </ClInclude>
    <ClInclude Include="$(MSBuildThisFileDirectory)ClearObject.h">
      <Filter>Headers\GameObject</Filter>
    </ClInclude>
    <ClInclude Include="$(MSBuildThisFileDirectory)MyCamera.h">
      <Filter>Headers\GameObject</Filter>
    </ClInclude>
    <ClInclude Include="$(MSBuildThisFileDirectory)SpriteNum.h">
      <Filter>Headers\UI</Filter>
    </ClInclude>
    <ClInclude Include="$(MSBuildThisFileDirectory)WaterPillar.h">
      <Filter>Headers\GameObject</Filter>
    </ClInclude>
    <ClInclude Include="$(MSBuildThisFileDirectory)MIniMapItem.h">
      <Filter>Headers\UI</Filter>
    </ClInclude>
    <ClInclude Include="$(MSBuildThisFileDirectory)MiniMapManager.h">
      <Filter>Headers\Manager</Filter>
    </ClInclude>
    <ClInclude Include="$(MSBuildThisFileDirectory)Actor.h">
      <Filter>Headers\GameObject</Filter>
    </ClInclude>
    <ClInclude Include="$(MSBuildThisFileDirectory)MiniMapActor.h">
      <Filter>Headers\UI</Filter>
    </ClInclude>
    <ClInclude Include="$(MSBuildThisFileDirectory)UIManager.h">
      <Filter>Headers\Manager</Filter>
    </ClInclude>
    <ClInclude Include="$(MSBuildThisFileDirectory)MathTools.h">
      <Filter>Headers\Tools</Filter>
    </ClInclude>
    <ClInclude Include="$(MSBuildThisFileDirectory)BillBoard.h">
      <Filter>Headers\GameObject</Filter>
    </ClInclude>
    <ClInclude Include="$(MSBuildThisFileDirectory)StageManager.h">
      <Filter>Headers\Manager</Filter>
    </ClInclude>
    <ClInclude Include="$(MSBuildThisFileDirectory)Movie.h">
      <Filter>Headers\Movie</Filter>
    </ClInclude>
    <ClInclude Include="$(MSBuildThisFileDirectory)MovieGameClear.h">
      <Filter>Headers\Movie</Filter>
    </ClInclude>
    <ClInclude Include="$(MSBuildThisFileDirectory)SelectStage.h">
      <Filter>Headers\Stage</Filter>
    </ClInclude>
    <ClInclude Include="$(MSBuildThisFileDirectory)Hatch.h">
      <Filter>Headers\GameObject</Filter>
    </ClInclude>
    <ClInclude Include="$(MSBuildThisFileDirectory)MovieGameStart.h">
      <Filter>Headers\Movie</Filter>
    </ClInclude>
    <ClInclude Include="$(MSBuildThisFileDirectory)MovieUpPlayer.h">
      <Filter>Headers\Movie</Filter>
    </ClInclude>
    <ClInclude Include="$(MSBuildThisFileDirectory)MovieUpEnemy.h">
      <Filter>Headers\Movie</Filter>
    </ClInclude>
    <ClInclude Include="$(MSBuildThisFileDirectory)MovieGameOver.h">
      <Filter>Headers\Movie</Filter>
    </ClInclude>
    <ClInclude Include="$(MSBuildThisFileDirectory)PillarEfect.h">
      <Filter>Headers\Effect</Filter>
    </ClInclude>
    <ClInclude Include="$(MSBuildThisFileDirectory)StageCollisionManager.h">
      <Filter>Headers\Manager</Filter>
    </ClInclude>
    <ClInclude Include="$(MSBuildThisFileDirectory)NumberManager.h">
      <Filter>Headers\Manager</Filter>
    </ClInclude>
    <ClInclude Include="$(MSBuildThisFileDirectory)ManholeSprite.h">
      <Filter>Headers\UI</Filter>
    </ClInclude>
    <ClInclude Include="$(MSBuildThisFileDirectory)AStar.h">
      <Filter>Headers\Tools</Filter>
    </ClInclude>
    <ClInclude Include="$(MSBuildThisFileDirectory)Spanner.h">
      <Filter>Headers\GameObject</Filter>
    </ClInclude>
    <ClInclude Include="$(MSBuildThisFileDirectory)RandomItem.h">
      <Filter>Headers\GameObject</Filter>
    </ClInclude>
    <ClInclude Include="$(MSBuildThisFileDirectory)GameStage02.h">
      <Filter>Headers\Stage</Filter>
    </ClInclude>
    <ClInclude Include="$(MSBuildThisFileDirectory)GameStage04.h">
      <Filter>Headers\Stage</Filter>
    </ClInclude>
    <ClInclude Include="$(MSBuildThisFileDirectory)GameStage05.h">
      <Filter>Headers\Stage</Filter>
    </ClInclude>
    <ClInclude Include="$(MSBuildThisFileDirectory)GameStage06.h">
      <Filter>Headers\Stage</Filter>
    </ClInclude>
    <ClInclude Include="$(MSBuildThisFileDirectory)GameStage07.h">
      <Filter>Headers\Stage</Filter>
    </ClInclude>
    <ClInclude Include="$(MSBuildThisFileDirectory)GameStage08.h">
      <Filter>Headers\Stage</Filter>
    </ClInclude>
    <ClInclude Include="$(MSBuildThisFileDirectory)GameStage09.h">
      <Filter>Headers\Stage</Filter>
    </ClInclude>
    <ClInclude Include="$(MSBuildThisFileDirectory)GameStage10.h">
      <Filter>Headers\Stage</Filter>
    </ClInclude>
    <ClInclude Include="$(MSBuildThisFileDirectory)GameStage03.h">
      <Filter>Headers\Stage</Filter>
    </ClInclude>
    <ClInclude Include="$(MSBuildThisFileDirectory)BlackOut.h">
      <Filter>Headers\Tools</Filter>
    </ClInclude>
    <ClInclude Include="$(MSBuildThisFileDirectory)TrackingPillarEfect.h">
      <Filter>Headers\Effect</Filter>
    </ClInclude>
    <ClInclude Include="$(MSBuildThisFileDirectory)BillBoardGauge.h">
      <Filter>Headers\GameObject</Filter>
    </ClInclude>
    <ClInclude Include="$(MSBuildThisFileDirectory)PauseScreen.h">
      <Filter>Headers\GameObject</Filter>
    </ClInclude>
    <ClInclude Include="$(MSBuildThisFileDirectory)MovieUpEandP.h">
      <Filter>Headers\Movie</Filter>
    </ClInclude>
    <ClInclude Include="$(MSBuildThisFileDirectory)RepopEnemy.h">
      <Filter>Headers\StateEnemy</Filter>
    </ClInclude>
    <ClInclude Include="$(MSBuildThisFileDirectory)SpriteMove.h">
      <Filter>Headers\UI</Filter>
    </ClInclude>
    <ClInclude Include="$(MSBuildThisFileDirectory)GameStart.h">
      <Filter>Headers\GameObject</Filter>
    </ClInclude>
    <ClInclude Include="$(MSBuildThisFileDirectory)TargetLost.h">
      <Filter>Headers\StateEnemy</Filter>
    </ClInclude>
    <ClInclude Include="$(MSBuildThisFileDirectory)TrackingBoar.h">
      <Filter>Headers\StateEnemy</Filter>
    </ClInclude>
    <ClInclude Include="$(MSBuildThisFileDirectory)MovieUpEnemyMulti.h">
      <Filter>Headers\Movie</Filter>
    </ClInclude>
    <ClInclude Include="$(MSBuildThisFileDirectory)MiniMapHatch.h" />
    <ClInclude Include="$(MSBuildThisFileDirectory)TutorialBoard.h">
      <Filter>Headers\Manager</Filter>
    </ClInclude>
    <ClInclude Include="$(MSBuildThisFileDirectory)GameExplanation.h">
      <Filter>Headers\Manager</Filter>
    </ClInclude>
  </ItemGroup>
  <ItemGroup>
    <ClCompile Include="$(MSBuildThisFileDirectory)Character.cpp">
      <Filter>Sources</Filter>
    </ClCompile>
    <ClCompile Include="$(MSBuildThisFileDirectory)Block.cpp">
      <Filter>Sources\GameObject</Filter>
    </ClCompile>
    <ClCompile Include="$(MSBuildThisFileDirectory)Player.cpp">
      <Filter>Sources\GameObject</Filter>
    </ClCompile>
    <ClCompile Include="$(MSBuildThisFileDirectory)GameStage.cpp">
      <Filter>Sources\Stage</Filter>
    </ClCompile>
    <ClCompile Include="$(MSBuildThisFileDirectory)TubakiStage.cpp">
      <Filter>Sources\PrivateStage</Filter>
    </ClCompile>
    <ClCompile Include="$(MSBuildThisFileDirectory)YushinStage.cpp">
      <Filter>Sources\PrivateStage</Filter>
    </ClCompile>
    <ClCompile Include="$(MSBuildThisFileDirectory)YuutaStage.cpp">
      <Filter>Sources\PrivateStage</Filter>
    </ClCompile>
    <ClCompile Include="$(MSBuildThisFileDirectory)ProjectBehavior.cpp">
      <Filter>Sources\System</Filter>
    </ClCompile>
    <ClCompile Include="$(MSBuildThisFileDirectory)ProjectShader.cpp">
      <Filter>Sources\System</Filter>
    </ClCompile>
    <ClCompile Include="$(MSBuildThisFileDirectory)Scene.cpp">
      <Filter>Sources\System</Filter>
    </ClCompile>
    <ClCompile Include="$(MSBuildThisFileDirectory)State.cpp">
      <Filter>Sources\StateEnemy</Filter>
    </ClCompile>
    <ClCompile Include="$(MSBuildThisFileDirectory)Patrol.cpp">
      <Filter>Sources\StateEnemy</Filter>
    </ClCompile>
    <ClCompile Include="$(MSBuildThisFileDirectory)Tracking.cpp">
      <Filter>Sources\StateEnemy</Filter>
    </ClCompile>
    <ClCompile Include="$(MSBuildThisFileDirectory)Attack.cpp">
      <Filter>Sources\StateEnemy</Filter>
    </ClCompile>
    <ClCompile Include="$(MSBuildThisFileDirectory)MapManager.cpp">
      <Filter>Sources\Manager</Filter>
    </ClCompile>
    <ClCompile Include="$(MSBuildThisFileDirectory)Manhole.cpp">
      <Filter>Sources\GameObject</Filter>
    </ClCompile>
    <ClCompile Include="$(MSBuildThisFileDirectory)Enemy.cpp">
      <Filter>Sources\GameObject</Filter>
    </ClCompile>
    <ClCompile Include="$(MSBuildThisFileDirectory)Ground.cpp">
      <Filter>Sources\GameObject</Filter>
    </ClCompile>
    <ClCompile Include="$(MSBuildThisFileDirectory)Wall.cpp">
      <Filter>Sources\GameObject</Filter>
    </ClCompile>
    <ClCompile Include="$(MSBuildThisFileDirectory)Sprite.cpp">
      <Filter>Sources\UI</Filter>
    </ClCompile>
    <ClCompile Include="$(MSBuildThisFileDirectory)TilteStage.cpp">
      <Filter>Sources\Stage</Filter>
    </ClCompile>
    <ClCompile Include="$(MSBuildThisFileDirectory)WinMain.cpp">
      <Filter>Sources\System</Filter>
    </ClCompile>
    <ClCompile Include="$(MSBuildThisFileDirectory)GameOverStage.cpp">
      <Filter>Sources\Stage</Filter>
    </ClCompile>
    <ClCompile Include="$(MSBuildThisFileDirectory)RaySphere.cpp">
      <Filter>Sources\Tools</Filter>
    </ClCompile>
    <ClCompile Include="$(MSBuildThisFileDirectory)GameClearStage.cpp">
      <Filter>Sources\Stage</Filter>
    </ClCompile>
    <ClCompile Include="$(MSBuildThisFileDirectory)Sky_base.cpp">
      <Filter>Sources\Skyblock</Filter>
    </ClCompile>
    <ClCompile Include="$(MSBuildThisFileDirectory)happysky.cpp">
      <Filter>Sources\Skyblock</Filter>
    </ClCompile>
    <ClCompile Include="$(MSBuildThisFileDirectory)ClearObject.cpp">
      <Filter>Sources\GameObject</Filter>
    </ClCompile>
    <ClCompile Include="$(MSBuildThisFileDirectory)MyCamera.cpp">
      <Filter>Sources\GameObject</Filter>
    </ClCompile>
    <ClCompile Include="$(MSBuildThisFileDirectory)SpriteNum.cpp">
      <Filter>Sources\UI</Filter>
    </ClCompile>
    <ClCompile Include="$(MSBuildThisFileDirectory)WaterPillar.cpp">
      <Filter>Sources\GameObject</Filter>
    </ClCompile>
    <ClCompile Include="$(MSBuildThisFileDirectory)MiniMapItem.cpp">
      <Filter>Sources\UI</Filter>
    </ClCompile>
    <ClCompile Include="$(MSBuildThisFileDirectory)MiniMapManager.cpp">
      <Filter>Sources\Manager</Filter>
    </ClCompile>
    <ClCompile Include="$(MSBuildThisFileDirectory)Actor.cpp">
      <Filter>Sources\GameObject</Filter>
    </ClCompile>
    <ClCompile Include="$(MSBuildThisFileDirectory)MiniMapActor.cpp">
      <Filter>Sources\UI</Filter>
    </ClCompile>
    <ClCompile Include="$(MSBuildThisFileDirectory)UIManager.cpp">
      <Filter>Sources\Manager</Filter>
    </ClCompile>
    <ClCompile Include="$(MSBuildThisFileDirectory)BillBoard.cpp">
      <Filter>Sources\GameObject</Filter>
    </ClCompile>
    <ClCompile Include="$(MSBuildThisFileDirectory)StageManager.cpp">
      <Filter>Sources\Manager</Filter>
    </ClCompile>
    <ClCompile Include="$(MSBuildThisFileDirectory)Movie.cpp">
      <Filter>Sources\Movie</Filter>
    </ClCompile>
    <ClCompile Include="$(MSBuildThisFileDirectory)MovieGameClear.cpp">
      <Filter>Sources\Movie</Filter>
    </ClCompile>
    <ClCompile Include="$(MSBuildThisFileDirectory)SelectStage.cpp">
      <Filter>Sources\Stage</Filter>
    </ClCompile>
    <ClCompile Include="$(MSBuildThisFileDirectory)Hatch.cpp">
      <Filter>Sources\GameObject</Filter>
    </ClCompile>
    <ClCompile Include="$(MSBuildThisFileDirectory)MovieGameStart.cpp">
      <Filter>Sources\Movie</Filter>
    </ClCompile>
    <ClCompile Include="$(MSBuildThisFileDirectory)Ray.cpp">
      <Filter>Sources\Tools</Filter>
    </ClCompile>
    <ClCompile Include="$(MSBuildThisFileDirectory)MovieUpPlayer.cpp">
      <Filter>Sources\Movie</Filter>
    </ClCompile>
    <ClCompile Include="$(MSBuildThisFileDirectory)MovieUpEnemy.cpp">
      <Filter>Sources\Movie</Filter>
    </ClCompile>
    <ClCompile Include="$(MSBuildThisFileDirectory)MovieGameOver.cpp">
      <Filter>Sources\Movie</Filter>
    </ClCompile>
    <ClCompile Include="$(MSBuildThisFileDirectory)PillarEffect.cpp">
      <Filter>Sources\Effect</Filter>
    </ClCompile>
    <ClCompile Include="$(MSBuildThisFileDirectory)StageCollisionManager.cpp">
      <Filter>Sources\Manager</Filter>
    </ClCompile>
    <ClCompile Include="$(MSBuildThisFileDirectory)NumberManager.cpp">
      <Filter>Sources\Manager</Filter>
    </ClCompile>
    <ClCompile Include="$(MSBuildThisFileDirectory)ManholeSprite.cpp">
      <Filter>Sources\UI</Filter>
    </ClCompile>
    <ClCompile Include="$(MSBuildThisFileDirectory)AStar.cpp">
      <Filter>Sources\Tools</Filter>
    </ClCompile>
    <ClCompile Include="$(MSBuildThisFileDirectory)Spanner.cpp">
      <Filter>Sources\GameObject</Filter>
    </ClCompile>
    <ClCompile Include="$(MSBuildThisFileDirectory)RandomItem.cpp">
      <Filter>Sources\GameObject</Filter>
    </ClCompile>
    <ClCompile Include="$(MSBuildThisFileDirectory)GameStage02.cpp">
      <Filter>Sources\Stage</Filter>
    </ClCompile>
    <ClCompile Include="$(MSBuildThisFileDirectory)GameStage03.cpp">
      <Filter>Sources\Stage</Filter>
    </ClCompile>
    <ClCompile Include="$(MSBuildThisFileDirectory)GameStage04.cpp">
      <Filter>Sources\Stage</Filter>
    </ClCompile>
    <ClCompile Include="$(MSBuildThisFileDirectory)GameStage05.cpp">
      <Filter>Sources\Stage</Filter>
    </ClCompile>
    <ClCompile Include="$(MSBuildThisFileDirectory)GameStage06.cpp">
      <Filter>Sources\Stage</Filter>
    </ClCompile>
    <ClCompile Include="$(MSBuildThisFileDirectory)GameStage07.cpp">
      <Filter>Sources\Stage</Filter>
    </ClCompile>
    <ClCompile Include="$(MSBuildThisFileDirectory)GameStage08.cpp">
      <Filter>Sources\Stage</Filter>
    </ClCompile>
    <ClCompile Include="$(MSBuildThisFileDirectory)GameStage09.cpp">
      <Filter>Sources\Stage</Filter>
    </ClCompile>
    <ClCompile Include="$(MSBuildThisFileDirectory)GameStage10.cpp">
      <Filter>Sources\Stage</Filter>
    </ClCompile>
    <ClCompile Include="$(MSBuildThisFileDirectory)BlackOut.cpp">
      <Filter>Sources\Tools</Filter>
    </ClCompile>
    <ClCompile Include="$(MSBuildThisFileDirectory)TrackingPillarEfect.cpp">
      <Filter>Sources\Effect</Filter>
    </ClCompile>
    <ClCompile Include="$(MSBuildThisFileDirectory)BillBoardGauge.cpp">
      <Filter>Sources\GameObject</Filter>
    </ClCompile>
    <ClCompile Include="$(MSBuildThisFileDirectory)PauseScreen.cpp">
      <Filter>Sources\GameObject</Filter>
    </ClCompile>
    <ClCompile Include="$(MSBuildThisFileDirectory)MovieGameUPEandP.cpp">
      <Filter>Sources\Movie</Filter>
    </ClCompile>
    <ClCompile Include="$(MSBuildThisFileDirectory)RepopEnemy.cpp">
      <Filter>Sources\StateEnemy</Filter>
    </ClCompile>
    <ClCompile Include="$(MSBuildThisFileDirectory)SpriteMove.cpp">
      <Filter>Sources\UI</Filter>
    </ClCompile>
    <ClCompile Include="$(MSBuildThisFileDirectory)GameStart.cpp">
      <Filter>Sources\GameObject</Filter>
    </ClCompile>
    <ClCompile Include="$(MSBuildThisFileDirectory)TargetLost.cpp">
      <Filter>Sources\StateEnemy</Filter>
    </ClCompile>
    <ClCompile Include="$(MSBuildThisFileDirectory)TrackingBoar.cpp">
      <Filter>Sources\StateEnemy</Filter>
    </ClCompile>
    <ClCompile Include="$(MSBuildThisFileDirectory)MovieUpEnemyMulti.cpp">
      <Filter>Sources\Movie</Filter>
    </ClCompile>
    <ClCompile Include="$(MSBuildThisFileDirectory)MiniMapHatch.cpp" />
    <ClCompile Include="$(MSBuildThisFileDirectory)TutorialBoard.cpp">
      <Filter>Sources\GameObject</Filter>
    </ClCompile>
    <ClCompile Include="$(MSBuildThisFileDirectory)GameExplanation.cpp">
      <Filter>Sources\Manager</Filter>
    </ClCompile>
  </ItemGroup>
</Project>